// !$*UTF8*$!
{
	archiveVersion = 1;
	classes = {
	};
	objectVersion = 46;
	objects = {

/* Begin PBXBuildFile section */
		BB9DDE821DF8663A00698210 /* main.m in Sources */ = {isa = PBXBuildFile; fileRef = BB9DDE811DF8663A00698210 /* main.m */; };
		BB9DDE851DF8663A00698210 /* AppDelegate.m in Sources */ = {isa = PBXBuildFile; fileRef = BB9DDE841DF8663A00698210 /* AppDelegate.m */; };
		BB9DDE881DF8663A00698210 /* RLMainViewController.m in Sources */ = {isa = PBXBuildFile; fileRef = BB9DDE871DF8663A00698210 /* RLMainViewController.m */; };
		BB9DDE8B1DF8663A00698210 /* Main.storyboard in Resources */ = {isa = PBXBuildFile; fileRef = BB9DDE891DF8663A00698210 /* Main.storyboard */; };
		BB9DDE8D1DF8663A00698210 /* Assets.xcassets in Resources */ = {isa = PBXBuildFile; fileRef = BB9DDE8C1DF8663A00698210 /* Assets.xcassets */; };
		BB9DDE901DF8663A00698210 /* LaunchScreen.storyboard in Resources */ = {isa = PBXBuildFile; fileRef = BB9DDE8E1DF8663A00698210 /* LaunchScreen.storyboard */; };
		BB9DDE9B1DF8663A00698210 /* restaurantLocaterTests.m in Sources */ = {isa = PBXBuildFile; fileRef = BB9DDE9A1DF8663A00698210 /* restaurantLocaterTests.m */; };
/* End PBXBuildFile section */

/* Begin PBXContainerItemProxy section */
		BB9DDE971DF8663A00698210 /* PBXContainerItemProxy */ = {
			isa = PBXContainerItemProxy;
			containerPortal = BB9DDE751DF8663900698210 /* Project object */;
			proxyType = 1;
			remoteGlobalIDString = BB9DDE7C1DF8663900698210;
			remoteInfo = restaurantLocater;
		};
/* End PBXContainerItemProxy section */

/* Begin PBXFileReference section */
		BB9DDE7D1DF8663A00698210 /* restaurantLocater.app */ = {isa = PBXFileReference; explicitFileType = wrapper.application; includeInIndex = 0; path = restaurantLocater.app; sourceTree = BUILT_PRODUCTS_DIR; };
		BB9DDE811DF8663A00698210 /* main.m */ = {isa = PBXFileReference; lastKnownFileType = sourcecode.c.objc; path = main.m; sourceTree = "<group>"; };
		BB9DDE831DF8663A00698210 /* AppDelegate.h */ = {isa = PBXFileReference; lastKnownFileType = sourcecode.c.h; path = AppDelegate.h; sourceTree = "<group>"; };
		BB9DDE841DF8663A00698210 /* AppDelegate.m */ = {isa = PBXFileReference; lastKnownFileType = sourcecode.c.objc; path = AppDelegate.m; sourceTree = "<group>"; };
		BB9DDE861DF8663A00698210 /* RLMainViewController.h */ = {isa = PBXFileReference; lastKnownFileType = sourcecode.c.h; path = RLMainViewController.h; sourceTree = "<group>"; };
		BB9DDE871DF8663A00698210 /* RLMainViewController.m */ = {isa = PBXFileReference; lastKnownFileType = sourcecode.c.objc; path = RLMainViewController.m; sourceTree = "<group>"; };
		BB9DDE8A1DF8663A00698210 /* Base */ = {isa = PBXFileReference; lastKnownFileType = file.storyboard; name = Base; path = Base.lproj/Main.storyboard; sourceTree = "<group>"; };
		BB9DDE8C1DF8663A00698210 /* Assets.xcassets */ = {isa = PBXFileReference; lastKnownFileType = folder.assetcatalog; path = Assets.xcassets; sourceTree = "<group>"; };
		BB9DDE8F1DF8663A00698210 /* Base */ = {isa = PBXFileReference; lastKnownFileType = file.storyboard; name = Base; path = Base.lproj/LaunchScreen.storyboard; sourceTree = "<group>"; };
		BB9DDE911DF8663A00698210 /* Info.plist */ = {isa = PBXFileReference; lastKnownFileType = text.plist.xml; path = Info.plist; sourceTree = "<group>"; };
		BB9DDE961DF8663A00698210 /* restaurantLocaterTests.xctest */ = {isa = PBXFileReference; explicitFileType = wrapper.cfbundle; includeInIndex = 0; path = restaurantLocaterTests.xctest; sourceTree = BUILT_PRODUCTS_DIR; };
		BB9DDE9A1DF8663A00698210 /* restaurantLocaterTests.m */ = {isa = PBXFileReference; lastKnownFileType = sourcecode.c.objc; path = restaurantLocaterTests.m; sourceTree = "<group>"; };
		BB9DDE9C1DF8663A00698210 /* Info.plist */ = {isa = PBXFileReference; lastKnownFileType = text.plist.xml; path = Info.plist; sourceTree = "<group>"; };
/* End PBXFileReference section */

/* Begin PBXFrameworksBuildPhase section */
		BB9DDE7A1DF8663900698210 /* Frameworks */ = {
			isa = PBXFrameworksBuildPhase;
			buildActionMask = 2147483647;
			files = (
			);
			runOnlyForDeploymentPostprocessing = 0;
		};
		BB9DDE931DF8663A00698210 /* Frameworks */ = {
			isa = PBXFrameworksBuildPhase;
			buildActionMask = 2147483647;
			files = (
			);
			runOnlyForDeploymentPostprocessing = 0;
		};
/* End PBXFrameworksBuildPhase section */

/* Begin PBXGroup section */
		BB9DDE741DF8663900698210 = {
			isa = PBXGroup;
			children = (
				BB9DDE7F1DF8663A00698210 /* restaurantLocater */,
				BB9DDE991DF8663A00698210 /* restaurantLocaterTests */,
				BB9DDE7E1DF8663A00698210 /* Products */,
			);
			sourceTree = "<group>";
		};
		BB9DDE7E1DF8663A00698210 /* Products */ = {
			isa = PBXGroup;
			children = (
				BB9DDE7D1DF8663A00698210 /* restaurantLocater.app */,
				BB9DDE961DF8663A00698210 /* restaurantLocaterTests.xctest */,
			);
			name = Products;
			sourceTree = "<group>";
		};
		BB9DDE7F1DF8663A00698210 /* restaurantLocater */ = {
			isa = PBXGroup;
			children = (
				BB9DDE831DF8663A00698210 /* AppDelegate.h */,
				BB9DDE841DF8663A00698210 /* AppDelegate.m */,
				BB9DDE861DF8663A00698210 /* RLMainViewController.h */,
				BB9DDE871DF8663A00698210 /* RLMainViewController.m */,
				BB9DDE891DF8663A00698210 /* Main.storyboard */,
				BB9DDE8C1DF8663A00698210 /* Assets.xcassets */,
				BB9DDE8E1DF8663A00698210 /* LaunchScreen.storyboard */,
				BB9DDE911DF8663A00698210 /* Info.plist */,
				BB9DDE801DF8663A00698210 /* Supporting Files */,
			);
			path = restaurantLocater;
			sourceTree = "<group>";
		};
		BB9DDE801DF8663A00698210 /* Supporting Files */ = {
			isa = PBXGroup;
			children = (
				BB9DDE811DF8663A00698210 /* main.m */,
			);
			name = "Supporting Files";
			sourceTree = "<group>";
		};
		BB9DDE991DF8663A00698210 /* restaurantLocaterTests */ = {
			isa = PBXGroup;
			children = (
				BB9DDE9A1DF8663A00698210 /* restaurantLocaterTests.m */,
				BB9DDE9C1DF8663A00698210 /* Info.plist */,
			);
			path = restaurantLocaterTests;
			sourceTree = "<group>";
		};
/* End PBXGroup section */

/* Begin PBXNativeTarget section */
		BB9DDE7C1DF8663900698210 /* restaurantLocater */ = {
			isa = PBXNativeTarget;
			buildConfigurationList = BB9DDE9F1DF8663A00698210 /* Build configuration list for PBXNativeTarget "restaurantLocater" */;
			buildPhases = (
				BB9DDE791DF8663900698210 /* Sources */,
				BB9DDE7A1DF8663900698210 /* Frameworks */,
				BB9DDE7B1DF8663900698210 /* Resources */,
			);
			buildRules = (
			);
			dependencies = (
			);
			name = restaurantLocater;
			productName = restaurantLocater;
			productReference = BB9DDE7D1DF8663A00698210 /* restaurantLocater.app */;
			productType = "com.apple.product-type.application";
		};
		BB9DDE951DF8663A00698210 /* restaurantLocaterTests */ = {
			isa = PBXNativeTarget;
			buildConfigurationList = BB9DDEA21DF8663A00698210 /* Build configuration list for PBXNativeTarget "restaurantLocaterTests" */;
			buildPhases = (
				BB9DDE921DF8663A00698210 /* Sources */,
				BB9DDE931DF8663A00698210 /* Frameworks */,
				BB9DDE941DF8663A00698210 /* Resources */,
			);
			buildRules = (
			);
			dependencies = (
				BB9DDE981DF8663A00698210 /* PBXTargetDependency */,
			);
			name = restaurantLocaterTests;
			productName = restaurantLocaterTests;
			productReference = BB9DDE961DF8663A00698210 /* restaurantLocaterTests.xctest */;
			productType = "com.apple.product-type.bundle.unit-test";
		};
/* End PBXNativeTarget section */

/* Begin PBXProject section */
		BB9DDE751DF8663900698210 /* Project object */ = {
			isa = PBXProject;
			attributes = {
				LastUpgradeCheck = 0810;
				ORGANIZATIONNAME = Ranjan;
				TargetAttributes = {
					BB9DDE7C1DF8663900698210 = {
						CreatedOnToolsVersion = 8.1;
						DevelopmentTeam = 7RT43N8KSR;
						ProvisioningStyle = Automatic;
					};
					BB9DDE951DF8663A00698210 = {
						CreatedOnToolsVersion = 8.1;
						ProvisioningStyle = Automatic;
						TestTargetID = BB9DDE7C1DF8663900698210;
					};
				};
			};
			buildConfigurationList = BB9DDE781DF8663900698210 /* Build configuration list for PBXProject "restaurantLocater" */;
			compatibilityVersion = "Xcode 3.2";
			developmentRegion = English;
			hasScannedForEncodings = 0;
			knownRegions = (
				en,
				Base,
			);
			mainGroup = BB9DDE741DF8663900698210;
			productRefGroup = BB9DDE7E1DF8663A00698210 /* Products */;
			projectDirPath = "";
			projectRoot = "";
			targets = (
				BB9DDE7C1DF8663900698210 /* restaurantLocater */,
				BB9DDE951DF8663A00698210 /* restaurantLocaterTests */,
			);
		};
/* End PBXProject section */

/* Begin PBXResourcesBuildPhase section */
		BB9DDE7B1DF8663900698210 /* Resources */ = {
			isa = PBXResourcesBuildPhase;
			buildActionMask = 2147483647;
			files = (
				BB9DDE901DF8663A00698210 /* LaunchScreen.storyboard in Resources */,
				BB9DDE8D1DF8663A00698210 /* Assets.xcassets in Resources */,
				BB9DDE8B1DF8663A00698210 /* Main.storyboard in Resources */,
			);
			runOnlyForDeploymentPostprocessing = 0;
		};
		BB9DDE941DF8663A00698210 /* Resources */ = {
			isa = PBXResourcesBuildPhase;
			buildActionMask = 2147483647;
			files = (
			);
			runOnlyForDeploymentPostprocessing = 0;
		};
/* End PBXResourcesBuildPhase section */

/* Begin PBXSourcesBuildPhase section */
		BB9DDE791DF8663900698210 /* Sources */ = {
			isa = PBXSourcesBuildPhase;
			buildActionMask = 2147483647;
			files = (
				BB9DDE881DF8663A00698210 /* RLMainViewController.m in Sources */,
				BB9DDE851DF8663A00698210 /* AppDelegate.m in Sources */,
				BB9DDE821DF8663A00698210 /* main.m in Sources */,
			);
			runOnlyForDeploymentPostprocessing = 0;
		};
		BB9DDE921DF8663A00698210 /* Sources */ = {
			isa = PBXSourcesBuildPhase;
			buildActionMask = 2147483647;
			files = (
				BB9DDE9B1DF8663A00698210 /* restaurantLocaterTests.m in Sources */,
			);
			runOnlyForDeploymentPostprocessing = 0;
		};
/* End PBXSourcesBuildPhase section */

/* Begin PBXTargetDependency section */
		BB9DDE981DF8663A00698210 /* PBXTargetDependency */ = {
			isa = PBXTargetDependency;
			target = BB9DDE7C1DF8663900698210 /* restaurantLocater */;
			targetProxy = BB9DDE971DF8663A00698210 /* PBXContainerItemProxy */;
		};
/* End PBXTargetDependency section */

/* Begin PBXVariantGroup section */
		BB9DDE891DF8663A00698210 /* Main.storyboard */ = {
			isa = PBXVariantGroup;
			children = (
				BB9DDE8A1DF8663A00698210 /* Base */,
			);
			name = Main.storyboard;
			sourceTree = "<group>";
		};
		BB9DDE8E1DF8663A00698210 /* LaunchScreen.storyboard */ = {
			isa = PBXVariantGroup;
			children = (
				BB9DDE8F1DF8663A00698210 /* Base */,
			);
			name = LaunchScreen.storyboard;
			sourceTree = "<group>";
		};
/* End PBXVariantGroup section */

/* Begin XCBuildConfiguration section */
		BB9DDE9D1DF8663A00698210 /* Debug */ = {
			isa = XCBuildConfiguration;
			buildSettings = {
				ALWAYS_SEARCH_USER_PATHS = NO;
				CLANG_ANALYZER_NONNULL = YES;
				CLANG_CXX_LANGUAGE_STANDARD = "gnu++0x";
				CLANG_CXX_LIBRARY = "libc++";
				CLANG_ENABLE_MODULES = YES;
				CLANG_ENABLE_OBJC_ARC = YES;
				CLANG_WARN_BOOL_CONVERSION = YES;
				CLANG_WARN_CONSTANT_CONVERSION = YES;
				CLANG_WARN_DIRECT_OBJC_ISA_USAGE = YES_ERROR;
				CLANG_WARN_DOCUMENTATION_COMMENTS = YES;
				CLANG_WARN_EMPTY_BODY = YES;
				CLANG_WARN_ENUM_CONVERSION = YES;
				CLANG_WARN_INFINITE_RECURSION = YES;
				CLANG_WARN_INT_CONVERSION = YES;
				CLANG_WARN_OBJC_ROOT_CLASS = YES_ERROR;
				CLANG_WARN_SUSPICIOUS_MOVES = YES;
				CLANG_WARN_UNREACHABLE_CODE = YES;
				CLANG_WARN__DUPLICATE_METHOD_MATCH = YES;
				"CODE_SIGN_IDENTITY[sdk=iphoneos*]" = "iPhone Developer";
				COPY_PHASE_STRIP = NO;
				DEBUG_INFORMATION_FORMAT = dwarf;
				ENABLE_STRICT_OBJC_MSGSEND = YES;
				ENABLE_TESTABILITY = YES;
				GCC_C_LANGUAGE_STANDARD = gnu99;
				GCC_DYNAMIC_NO_PIC = NO;
				GCC_NO_COMMON_BLOCKS = YES;
				GCC_OPTIMIZATION_LEVEL = 0;
				GCC_PREPROCESSOR_DEFINITIONS = (
					"DEBUG=1",
					"$(inherited)",
				);
				GCC_WARN_64_TO_32_BIT_CONVERSION = YES;
				GCC_WARN_ABOUT_RETURN_TYPE = YES_ERROR;
				GCC_WARN_UNDECLARED_SELECTOR = YES;
				GCC_WARN_UNINITIALIZED_AUTOS = YES_AGGRESSIVE;
				GCC_WARN_UNUSED_FUNCTION = YES;
				GCC_WARN_UNUSED_VARIABLE = YES;
				IPHONEOS_DEPLOYMENT_TARGET = 10.1;
				MTL_ENABLE_DEBUG_INFO = YES;
				ONLY_ACTIVE_ARCH = YES;
				SDKROOT = iphoneos;
			};
			name = Debug;
		};
		BB9DDE9E1DF8663A00698210 /* Release */ = {
			isa = XCBuildConfiguration;
			buildSettings = {
				ALWAYS_SEARCH_USER_PATHS = NO;
				CLANG_ANALYZER_NONNULL = YES;
				CLANG_CXX_LANGUAGE_STANDARD = "gnu++0x";
				CLANG_CXX_LIBRARY = "libc++";
				CLANG_ENABLE_MODULES = YES;
				CLANG_ENABLE_OBJC_ARC = YES;
				CLANG_WARN_BOOL_CONVERSION = YES;
				CLANG_WARN_CONSTANT_CONVERSION = YES;
				CLANG_WARN_DIRECT_OBJC_ISA_USAGE = YES_ERROR;
				CLANG_WARN_DOCUMENTATION_COMMENTS = YES;
				CLANG_WARN_EMPTY_BODY = YES;
				CLANG_WARN_ENUM_CONVERSION = YES;
				CLANG_WARN_INFINITE_RECURSION = YES;
				CLANG_WARN_INT_CONVERSION = YES;
				CLANG_WARN_OBJC_ROOT_CLASS = YES_ERROR;
				CLANG_WARN_SUSPICIOUS_MOVES = YES;
				CLANG_WARN_UNREACHABLE_CODE = YES;
				CLANG_WARN__DUPLICATE_METHOD_MATCH = YES;
				"CODE_SIGN_IDENTITY[sdk=iphoneos*]" = "iPhone Developer";
				COPY_PHASE_STRIP = NO;
				DEBUG_INFORMATION_FORMAT = "dwarf-with-dsym";
				ENABLE_NS_ASSERTIONS = NO;
				ENABLE_STRICT_OBJC_MSGSEND = YES;
				GCC_C_LANGUAGE_STANDARD = gnu99;
				GCC_NO_COMMON_BLOCKS = YES;
				GCC_WARN_64_TO_32_BIT_CONVERSION = YES;
				GCC_WARN_ABOUT_RETURN_TYPE = YES_ERROR;
				GCC_WARN_UNDECLARED_SELECTOR = YES;
				GCC_WARN_UNINITIALIZED_AUTOS = YES_AGGRESSIVE;
				GCC_WARN_UNUSED_FUNCTION = YES;
				GCC_WARN_UNUSED_VARIABLE = YES;
				IPHONEOS_DEPLOYMENT_TARGET = 10.1;
				MTL_ENABLE_DEBUG_INFO = NO;
				SDKROOT = iphoneos;
				VALIDATE_PRODUCT = YES;
			};
			name = Release;
		};
		BB9DDEA01DF8663A00698210 /* Debug */ = {
			isa = XCBuildConfiguration;
			buildSettings = {
				ASSETCATALOG_COMPILER_APPICON_NAME = AppIcon;
				DEVELOPMENT_TEAM = 7RT43N8KSR;
				INFOPLIST_FILE = restaurantLocater/Info.plist;
				LD_RUNPATH_SEARCH_PATHS = "$(inherited) @executable_path/Frameworks";
				PRODUCT_BUNDLE_IDENTIFIER = com.Ranjan.restaurantLocater;
				PRODUCT_NAME = "$(TARGET_NAME)";
			};
			name = Debug;
		};
		BB9DDEA11DF8663A00698210 /* Release */ = {
			isa = XCBuildConfiguration;
			buildSettings = {
				ASSETCATALOG_COMPILER_APPICON_NAME = AppIcon;
				DEVELOPMENT_TEAM = 7RT43N8KSR;
				INFOPLIST_FILE = restaurantLocater/Info.plist;
				LD_RUNPATH_SEARCH_PATHS = "$(inherited) @executable_path/Frameworks";
				PRODUCT_BUNDLE_IDENTIFIER = com.Ranjan.restaurantLocater;
				PRODUCT_NAME = "$(TARGET_NAME)";
			};
			name = Release;
		};
		BB9DDEA31DF8663A00698210 /* Debug */ = {
			isa = XCBuildConfiguration;
			buildSettings = {
				BUNDLE_LOADER = "$(TEST_HOST)";
				INFOPLIST_FILE = restaurantLocaterTests/Info.plist;
				LD_RUNPATH_SEARCH_PATHS = "$(inherited) @executable_path/Frameworks @loader_path/Frameworks";
				PRODUCT_BUNDLE_IDENTIFIER = com.Ranjan.restaurantLocaterTests;
				PRODUCT_NAME = "$(TARGET_NAME)";
				TEST_HOST = "$(BUILT_PRODUCTS_DIR)/restaurantLocater.app/restaurantLocater";
			};
			name = Debug;
		};
		BB9DDEA41DF8663A00698210 /* Release */ = {
			isa = XCBuildConfiguration;
			buildSettings = {
				BUNDLE_LOADER = "$(TEST_HOST)";
				INFOPLIST_FILE = restaurantLocaterTests/Info.plist;
				LD_RUNPATH_SEARCH_PATHS = "$(inherited) @executable_path/Frameworks @loader_path/Frameworks";
				PRODUCT_BUNDLE_IDENTIFIER = com.Ranjan.restaurantLocaterTests;
				PRODUCT_NAME = "$(TARGET_NAME)";
				TEST_HOST = "$(BUILT_PRODUCTS_DIR)/restaurantLocater.app/restaurantLocater";
			};
			name = Release;
		};
/* End XCBuildConfiguration section */

/* Begin XCConfigurationList section */
		BB9DDE781DF8663900698210 /* Build configuration list for PBXProject "restaurantLocater" */ = {
			isa = XCConfigurationList;
			buildConfigurations = (
				BB9DDE9D1DF8663A00698210 /* Debug */,
				BB9DDE9E1DF8663A00698210 /* Release */,
			);
			defaultConfigurationIsVisible = 0;
			defaultConfigurationName = Release;
		};
		BB9DDE9F1DF8663A00698210 /* Build configuration list for PBXNativeTarget "restaurantLocater" */ = {
			isa = XCConfigurationList;
			buildConfigurations = (
				BB9DDEA01DF8663A00698210 /* Debug */,
				BB9DDEA11DF8663A00698210 /* Release */,
			);
			defaultConfigurationIsVisible = 0;
			defaultConfigurationName = Release;
		};
		BB9DDEA21DF8663A00698210 /* Build configuration list for PBXNativeTarget "restaurantLocaterTests" */ = {
			isa = XCConfigurationList;
			buildConfigurations = (
				BB9DDEA31DF8663A00698210 /* Debug */,
				BB9DDEA41DF8663A00698210 /* Release */,
			);
			defaultConfigurationIsVisible = 0;
			defaultConfigurationName = Release;
		};
/* End XCConfigurationList section */
	};
	rootObject = BB9DDE751DF8663900698210 /* Project object */;
}
